
Microsoft Visual Studio Solution File, Format Version 12.00
# Visual Studio Version 17
VisualStudioVersion = 17.5.33530.505
MinimumVisualStudioVersion = 10.0.40219.1
Project("{FAE04EC0-301F-11D3-BF4B-00C04F79EFBC}") = "byteBank", "byteBank\byteBank.csproj", "{2D4F8B82-B34C-4E00-96E1-D5E87C7BC99D}"
EndProject
Global
	GlobalSection(SolutionConfigurationPlatforms) = preSolution
		Debug|Any CPU = Debug|Any CPU
		Release|Any CPU = Release|Any CPU
	EndGlobalSection
	GlobalSection(ProjectConfigurationPlatforms) = postSolution
		{2D4F8B82-B34C-4E00-96E1-D5E87C7BC99D}.Debug|Any CPU.ActiveCfg = Debug|Any CPU
		{2D4F8B82-B34C-4E00-96E1-D5E87C7BC99D}.Debug|Any CPU.Build.0 = Debug|Any CPU
		{2D4F8B82-B34C-4E00-96E1-D5E87C7BC99D}.Release|Any CPU.ActiveCfg = Release|Any CPU
		{2D4F8B82-B34C-4E00-96E1-D5E87C7BC99D}.Release|Any CPU.Build.0 = Release|Any CPU
	EndGlobalSection
	GlobalSection(SolutionProperties) = preSolution
		HideSolutionNode = FALSE
	EndGlobalSection
	GlobalSection(ExtensibilityGlobals) = postSolution
		SolutionGuid = {24BD896B-97E8-4BEF-8621-9CF10585BA71}
	EndGlobalSection
EndGlobal
